
Microsoft Visual Studio Solution File, Format Version 12.00
# Visual Studio 15
VisualStudioVersion = 15.0.28010.2016
MinimumVisualStudioVersion = 10.0.40219.1
Project("{8BC9CEB8-8B4A-11D0-8D11-00A0C91BC942}") = "LeapOfFaith", "LeapOfFaith\LeapOfFaith.vcxproj", "{DB0AD6BD-6E96-4F55-B872-C3CB60A4EF6F}"
EndProject
Global
	GlobalSection(SolutionConfigurationPlatforms) = preSolution
		Debug|x64 = Debug|x64
		Debug|x86 = Debug|x86
		Release|x64 = Release|x64
		Release|x86 = Release|x86
	EndGlobalSection
	GlobalSection(ProjectConfigurationPlatforms) = postSolution
		{DB0AD6BD-6E96-4F55-B872-C3CB60A4EF6F}.Debug|x64.ActiveCfg = Debug|x64
		{DB0AD6BD-6E96-4F55-B872-C3CB60A4EF6F}.Debug|x64.Build.0 = Debug|x64
		{DB0AD6BD-6E96-4F55-B872-C3CB60A4EF6F}.Debug|x86.ActiveCfg = Debug|Win32
		{DB0AD6BD-6E96-4F55-B872-C3CB60A4EF6F}.Debug|x86.Build.0 = Debug|Win32
		{DB0AD6BD-6E96-4F55-B872-C3CB60A4EF6F}.Release|x64.ActiveCfg = Release|x64
		{DB0AD6BD-6E96-4F55-B872-C3CB60A4EF6F}.Release|x64.Build.0 = Release|x64
		{DB0AD6BD-6E96-4F55-B872-C3CB60A4EF6F}.Release|x86.ActiveCfg = Release|Win32
		{DB0AD6BD-6E96-4F55-B872-C3CB60A4EF6F}.Release|x86.Build.0 = Release|Win32
	EndGlobalSection
	GlobalSection(SolutionProperties) = preSolution
		HideSolutionNode = FALSE
	EndGlobalSection
	GlobalSection(ExtensibilityGlobals) = postSolution
		SolutionGuid = {5BA68C54-273E-4EC6-B652-D78D5B5C4551}
	EndGlobalSection
EndGlobal
